<?xml version="1.0" encoding="utf-8"?>
<Project ToolsVersion="4.0" xmlns="http://schemas.microsoft.com/developer/msbuild/2003">
  <ItemGroup>
    <Filter Include="Source Files">
      <UniqueIdentifier>{4FC737F1-C7A5-4376-A066-2A32D752A2FF}</UniqueIdentifier>
      <Extensions>cpp;c;cc;cxx;c++;cppm;ixx;def;odl;idl;hpj;bat;asm;asmx</Extensions>
    </Filter>
    <Filter Include="Header Files">
      <UniqueIdentifier>{93995380-89BD-4b04-88EB-625FBE52EBFB}</UniqueIdentifier>
      <Extensions>h;hh;hpp;hxx;h++;hm;inl;inc;ipp;xsd</Extensions>
    </Filter>
    <Filter Include="Resource Files">
      <UniqueIdentifier>{67DA6AB6-F800-4c08-8B7A-83BB121AAD01}</UniqueIdentifier>
      <Extensions>rc;ico;cur;bmp;dlg;rc2;rct;bin;rgs;gif;jpg;jpeg;jpe;resx;tiff;tif;png;wav;mfcribbon-ms</Extensions>
    </Filter>
    <Filter Include="Source Files\Window">
      <UniqueIdentifier>{55701526-9c4f-4f9a-834a-5a07895d40a7}</UniqueIdentifier>
    </Filter>
    <Filter Include="Source Files\App">
      <UniqueIdentifier>{2793f3c2-f042-4984-af31-2d48c7734baa}</UniqueIdentifier>
    </Filter>
    <Filter Include="Source Files\Shaders">
      <UniqueIdentifier>{bd943d66-d2cc-4974-bae0-46f05ae00778}</UniqueIdentifier>
    </Filter>
    <Filter Include="Source Files\Devices">
      <UniqueIdentifier>{8b8a63e6-6851-455b-b445-633e907a994a}</UniqueIdentifier>
    </Filter>
    <Filter Include="Source Files\Renderer">
      <UniqueIdentifier>{94e84d7d-5dce-45ca-8820-e7052e5f387a}</UniqueIdentifier>
    </Filter>
  </ItemGroup>
  <ItemGroup>
    <ClCompile Include="main.cpp">
      <Filter>Source Files</Filter>
    </ClCompile>
    <ClCompile Include="Window.cpp">
      <Filter>Source Files\Window</Filter>
    </ClCompile>
    <ClCompile Include="first_app.cpp">
      <Filter>Source Files\App</Filter>
    </ClCompile>
    <ClCompile Include="lve_device.cpp">
      <Filter>Source Files\Devices</Filter>
    </ClCompile>
    <ClCompile Include="LvePipeline.cpp">
      <Filter>Source Files\Renderer</Filter>
    </ClCompile>
    <ClCompile Include="lve_swap_chain.cpp">
      <Filter>Source Files\Renderer</Filter>
    </ClCompile>
    <ClCompile Include="lve_model.cpp">
      <Filter>Source Files\Renderer</Filter>
    </ClCompile>
  </ItemGroup>
  <ItemGroup>
    <ClInclude Include="Window.h">
      <Filter>Source Files\Window</Filter>
    </ClInclude>
    <ClInclude Include="first_app.h">
      <Filter>Source Files\App</Filter>
    </ClInclude>
    <ClInclude Include="lve_device.h">
      <Filter>Source Files\Devices</Filter>
    </ClInclude>
    <ClInclude Include="LvePipeline.h">
      <Filter>Source Files\Renderer</Filter>
    </ClInclude>
    <ClInclude Include="lve_swap_chain.h">
      <Filter>Source Files\Renderer</Filter>
    </ClInclude>
    <ClInclude Include="lve_model.h">
      <Filter>Source Files\Renderer</Filter>
    </ClInclude>
  </ItemGroup>
  <ItemGroup>
    <None Include="Shaders\simple_shader.vert">
      <Filter>Source Files\Shaders</Filter>
    </None>
    <None Include="Shaders\simple_shader.frag">
      <Filter>Source Files\Shaders</Filter>
    </None>
    <None Include="Shaders\compile.bat">
      <Filter>Source Files\Shaders</Filter>
    </None>
  </ItemGroup>
</Project>